
Microsoft Visual Studio Solution File, Format Version 12.00
# Visual Studio Version 16
VisualStudioVersion = 16.0.33801.447
MinimumVisualStudioVersion = 10.0.40219.1
Project("{FAE04EC0-301F-11D3-BF4B-00C04F79EFBC}") = "form", "form\form.csproj", "{0F0B74B5-D70B-4F54-944B-54E444B097FB}"
EndProject
Global
	GlobalSection(SolutionConfigurationPlatforms) = preSolution
		Debug|Any CPU = Debug|Any CPU
		Release|Any CPU = Release|Any CPU
	EndGlobalSection
	GlobalSection(ProjectConfigurationPlatforms) = postSolution
		{0F0B74B5-D70B-4F54-944B-54E444B097FB}.Debug|Any CPU.ActiveCfg = Debug|Any CPU
		{0F0B74B5-D70B-4F54-944B-54E444B097FB}.Debug|Any CPU.Build.0 = Debug|Any CPU
		{0F0B74B5-D70B-4F54-944B-54E444B097FB}.Release|Any CPU.ActiveCfg = Release|Any CPU
		{0F0B74B5-D70B-4F54-944B-54E444B097FB}.Release|Any CPU.Build.0 = Release|Any CPU
	EndGlobalSection
	GlobalSection(SolutionProperties) = preSolution
		HideSolutionNode = FALSE
	EndGlobalSection
	GlobalSection(ExtensibilityGlobals) = postSolution
		SolutionGuid = {F6F0CCF2-7E70-4AB7-99FA-F6B4F9C6A3EE}
	EndGlobalSection
EndGlobal
